
Microsoft Visual Studio Solution File, Format Version 12.00
# Visual Studio Version 17
VisualStudioVersion = 17.6.33815.320
MinimumVisualStudioVersion = 10.0.40219.1
Project("{FAE04EC0-301F-11D3-BF4B-00C04F79EFBC}") = "Projec1-Complete", "Projec1-Complete\Projec1-Complete.csproj", "{C5E1D3D1-CAFF-4D7E-968B-E778B959B6C6}"
EndProject
Global
	GlobalSection(SolutionConfigurationPlatforms) = preSolution
		Debug|Any CPU = Debug|Any CPU
		Release|Any CPU = Release|Any CPU
	EndGlobalSection
	GlobalSection(ProjectConfigurationPlatforms) = postSolution
		{C5E1D3D1-CAFF-4D7E-968B-E778B959B6C6}.Debug|Any CPU.ActiveCfg = Debug|Any CPU
		{C5E1D3D1-CAFF-4D7E-968B-E778B959B6C6}.Debug|Any CPU.Build.0 = Debug|Any CPU
		{C5E1D3D1-CAFF-4D7E-968B-E778B959B6C6}.Release|Any CPU.ActiveCfg = Release|Any CPU
		{C5E1D3D1-CAFF-4D7E-968B-E778B959B6C6}.Release|Any CPU.Build.0 = Release|Any CPU
	EndGlobalSection
	GlobalSection(SolutionProperties) = preSolution
		HideSolutionNode = FALSE
	EndGlobalSection
	GlobalSection(ExtensibilityGlobals) = postSolution
		SolutionGuid = {54B9778A-3551-49F2-A835-215BE9C1778A}
	EndGlobalSection
EndGlobal
